{
    "name": "marmalade",
    "version": "0.0.4",
    "lockfileVersion": 2,
    "requires": true,
    "packages": {
        "": {
            "version": "0.0.4",
            "dependencies": {
                "connect": "1.8.1",
                "connect-gzip": "0.1.5",
                "ejs": "0.5.0",
                "email": "0.2.4",
                "express": "2.5.1",
                "jade": "0.19.0",
                "mime": "1.2.4",
                "mongodb": "0.9.7-1.4",
                "node-gravatar": "1.0.2",
                "optparse": "1.0.3",
                "step": "0.0.5",
                "underscore": "1.2.2"
            },
            "engines": {
                "node": "= 0.6.5"
            }
        },
        "node_modules/call-bind": {
            "version": "1.0.2",
            "resolved": "https://registry.npmjs.org/call-bind/-/call-bind-1.0.2.tgz",
            "integrity": "sha512-7O+FbCihrB5WGbFYesctwmTKae6rOiIzmz1icreWJ+0aA7LJfuqhEso2T9ncpcFtzMQtzXf2QGGueWJGTYsqrA==",
            "dependencies": {
                "function-bind": "^1.1.1",
                "get-intrinsic": "^1.0.2"
            },
            "funding": {
                "url": "https://github.com/sponsors/ljharb"
            }
        },
        "node_modules/commander": {
            "version": "0.2.1",
            "resolved": "https://registry.npmjs.org/commander/-/commander-0.2.1.tgz",
            "integrity": "sha1-Mso8IXrDQAgr1w4TJrW71B+8bNE=",
            "engines": {
                "node": ">= 0.4.x < 0.7.0"
            }
        },
        "node_modules/connect": {
            "version": "1.8.1",
            "resolved": "https://registry.npmjs.org/connect/-/connect-1.8.1.tgz",
            "integrity": "sha1-o36MU9eoMdCCHttlY04n63O4k94=",
            "deprecated": "connect 1.x series is deprecated",
            "dependencies": {
                "formidable": "1.0.x",
                "mime": ">= 0.0.1",
                "qs": ">= 0.3.1"
            },
            "engines": {
                "node": ">= 0.4.1 < 0.7.0"
            }
        },
        "node_modules/connect-gzip": {
            "version": "0.1.5",
            "resolved": "https://registry.npmjs.org/connect-gzip/-/connect-gzip-0.1.5.tgz",
            "integrity": "sha1-TgqXMMiw5Khms4rkKDZp8mrMuMY=",
            "dependencies": {
                "connect": ">=1 <2",
                "mime": ">=0.0.1"
            },
            "engines": {
                "node": "*"
            }
        },
        "node_modules/ejs": {
            "version": "0.5.0",
            "resolved": "https://registry.npmjs.org/ejs/-/ejs-0.5.0.tgz",
            "integrity": "sha1-1vjn07qtCWOD31nDokB72ULPCOg=",
            "deprecated": "Critical security bugs fixed in 2.5.5",
            "engines": {
                "node": "*"
            }
        },
        "node_modules/email": {
            "version": "0.2.4",
            "resolved": "https://registry.npmjs.org/email/-/email-0.2.4.tgz",
            "integrity": "sha1-KW9/1rnguJ+Awk0nYhpnPN9JeZI=",
            "engines": {
                "node": ">= 0.1.92"
            }
        },
        "node_modules/express": {
            "version": "2.5.1",
            "resolved": "https://registry.npmjs.org/express/-/express-2.5.1.tgz",
            "integrity": "sha1-BkQoTCwhkmTilV/pRxfOe0Ys1dY=",
            "deprecated": "express 2.x series is deprecated",
            "dependencies": {
                "connect": "1.8.x",
                "mime": ">= 0.0.1",
                "mkdirp": "0.0.7",
                "qs": ">= 0.3.1"
            },
            "bin": {
                "express": "bin/express"
            },
            "engines": {
                "node": ">= 0.4.1 < 0.7.0"
            }
        },
        "node_modules/formidable": {
            "version": "1.0.16",
            "resolved": "https://registry.npmjs.org/formidable/-/formidable-1.0.16.tgz",
            "integrity": "sha1-SRbP38TL7QILJXpqlQWpqzjCzQ4=",
            "engines": {
                "node": ">=0.8.0"
            }
        },
        "node_modules/function-bind": {
            "version": "1.1.1",
            "resolved": "https://registry.npmjs.org/function-bind/-/function-bind-1.1.1.tgz",
            "integrity": "sha512-yIovAzMX49sF8Yl58fSCWJ5svSLuaibPxXQJFLmBObTuCr0Mf1KiPopGM9NiFjiYBCbfaa2Fh6breQ6ANVTI0A=="
        },
        "node_modules/get-intrinsic": {
            "version": "1.1.1",
            "resolved": "https://registry.npmjs.org/get-intrinsic/-/get-intrinsic-1.1.1.tgz",
            "integrity": "sha512-kWZrnVM42QCiEA2Ig1bG8zjoIMOgxWwYCEeNdwY6Tv/cOSeGpcoX4pXHfKUxNKVoArnrEr2e9srnAxxGIraS9Q==",
            "dependencies": {
                "function-bind": "^1.1.1",
                "has": "^1.0.3",
                "has-symbols": "^1.0.1"
            },
            "funding": {
                "url": "https://github.com/sponsors/ljharb"
            }
        },
        "node_modules/has": {
            "version": "1.0.3",
            "resolved": "https://registry.npmjs.org/has/-/has-1.0.3.tgz",
            "integrity": "sha512-f2dvO0VU6Oej7RkWJGrehjbzMAjFp5/VKPp5tTpWIV4JHHZK1/BxbFRtf/siA2SWTe09caDmVtYYzWEIbBS4zw==",
            "dependencies": {
                "function-bind": "^1.1.1"
            },
            "engines": {
                "node": ">= 0.4.0"
            }
        },
        "node_modules/has-symbols": {
            "version": "1.0.2",
            "resolved": "https://registry.npmjs.org/has-symbols/-/has-symbols-1.0.2.tgz",
            "integrity": "sha512-chXa79rL/UC2KlX17jo3vRGz0azaWEx5tGqZg5pO3NUyEJVB17dMruQlzCCOfUvElghKcm5194+BCRvi2Rv/Gw==",
            "engines": {
                "node": ">= 0.4"
            },
            "funding": {
                "url": "https://github.com/sponsors/ljharb"
            }
        },
        "node_modules/jade": {
            "version": "0.19.0",
            "resolved": "https://registry.npmjs.org/jade/-/jade-0.19.0.tgz",
            "integrity": "sha1-9CJcXjQjDZ0J1Nj1Fd9XndpH3pQ=",
            "deprecated": "Jade has been renamed to pug, please install the latest version of pug instead of jade",
            "dependencies": {
                "commander": "0.2.x",
                "mkdirp": ">= 0.0.7"
            },
            "bin": {
                "jade": "bin/jade"
            },
            "engines": {
                "node": ">= 0.1.98"
            }
        },
        "node_modules/mime": {
            "version": "1.2.4",
            "resolved": "https://registry.npmjs.org/mime/-/mime-1.2.4.tgz",
            "integrity": "sha1-EbX9rynCUJJVF2uArVIClPXekrc=",
            "engines": {
                "node": "*"
            }
        },
        "node_modules/mkdirp": {
            "version": "0.0.7",
            "resolved": "https://registry.npmjs.org/mkdirp/-/mkdirp-0.0.7.tgz",
            "integrity": "sha1-2JtPDkw+XlylQjWTFnXglP4aUHI=",
            "deprecated": "Legacy versions of mkdirp are no longer supported. Please update to mkdirp 1.x. (Note that the API surface has changed to use Promises in 1.x.)",
            "engines": {
                "node": "*"
            }
        },
        "node_modules/mongodb": {
            "version": "0.9.7-1.4",
            "resolved": "https://registry.npmjs.org/mongodb/-/mongodb-0.9.7-1.4.tgz",
            "integrity": "sha1-IybsONA81LjGdHnmdquY3wOw2PQ=",
            "hasInstallScript": true,
            "os": [
                "linux",
                "darwin",
                "freebsd"
            ],
            "engines": {
                "node": ">=0.4.0"
            }
        },
        "node_modules/node-gravatar": {
            "version": "1.0.2",
            "resolved": "https://registry.npmjs.org/node-gravatar/-/node-gravatar-1.0.2.tgz",
            "integrity": "sha1-0HegCqHGctXGyNlr1+mTaLzGGfE=",
            "engines": {
                "node": ">=0.1.103"
            }
        },
        "node_modules/object-inspect": {
            "version": "1.10.3",
            "resolved": "https://registry.npmjs.org/object-inspect/-/object-inspect-1.10.3.tgz",
            "integrity": "sha512-e5mCJlSH7poANfC8z8S9s9S2IN5/4Zb3aZ33f5s8YqoazCFzNLloLU8r5VCG+G7WoqLvAAZoVMcy3tp/3X0Plw==",
            "funding": {
                "url": "https://github.com/sponsors/ljharb"
            }
        },
        "node_modules/optparse": {
            "version": "1.0.3",
            "resolved": "https://registry.npmjs.org/optparse/-/optparse-1.0.3.tgz",
            "integrity": "sha1-L/SaPWkbkLC5ob6RF/KSNz6xvWY=",
            "engines": {
                "node": "*"
            }
        },
        "node_modules/qs": {
            "version": "6.10.1",
            "resolved": "https://registry.npmjs.org/qs/-/qs-6.10.1.tgz",
            "integrity": "sha512-M528Hph6wsSVOBiYUnGf+K/7w0hNshs/duGsNXPUCLH5XAqjEtiPGwNONLV0tBH8NoGb0mvD5JubnUTrujKDTg==",
            "dependencies": {
                "side-channel": "^1.0.4"
            },
            "engines": {
                "node": ">=0.6"
            },
            "funding": {
                "url": "https://github.com/sponsors/ljharb"
            }
        },
        "node_modules/side-channel": {
            "version": "1.0.4",
            "resolved": "https://registry.npmjs.org/side-channel/-/side-channel-1.0.4.tgz",
            "integrity": "sha512-q5XPytqFEIKHkGdiMIrY10mvLRvnQh42/+GoBlFW3b2LXLE2xxJpZFdm94we0BaoV3RwJyGqg5wS7epxTv0Zvw==",
            "dependencies": {
                "call-bind": "^1.0.0",
                "get-intrinsic": "^1.0.2",
                "object-inspect": "^1.9.0"
            },
            "funding": {
                "url": "https://github.com/sponsors/ljharb"
            }
        },
        "node_modules/step": {
            "version": "0.0.5",
            "resolved": "https://registry.npmjs.org/step/-/step-0.0.5.tgz",
            "integrity": "sha1-XmYvFfm6Ls6cOpsOJVPRmGtrpEw=",
            "engines": {
                "node": "*"
            }
        },
        "node_modules/underscore": {
            "version": "1.2.2",
            "resolved": "https://registry.npmjs.org/underscore/-/underscore-1.2.2.tgz",
            "integrity": "sha1-dN1A6frOhOck6y7a6UW4rtwjO6M=",
            "engines": {
                "node": "*"
            }
        }
    },
    "dependencies": {
        "call-bind": {
            "version": "1.0.2",
            "resolved": "https://registry.npmjs.org/call-bind/-/call-bind-1.0.2.tgz",
            "integrity": "sha512-7O+FbCihrB5WGbFYesctwmTKae6rOiIzmz1icreWJ+0aA7LJfuqhEso2T9ncpcFtzMQtzXf2QGGueWJGTYsqrA==",
            "requires": {
                "function-bind": "^1.1.1",
                "get-intrinsic": "^1.0.2"
            }
        },
        "commander": {
            "version": "0.2.1",
            "resolved": "https://registry.npmjs.org/commander/-/commander-0.2.1.tgz",
            "integrity": "sha1-Mso8IXrDQAgr1w4TJrW71B+8bNE="
        },
        "connect": {
            "version": "1.8.1",
            "resolved": "https://registry.npmjs.org/connect/-/connect-1.8.1.tgz",
            "integrity": "sha1-o36MU9eoMdCCHttlY04n63O4k94=",
            "requires": {
                "formidable": "1.0.x",
                "mime": ">= 0.0.1",
                "qs": ">= 0.3.1"
            }
        },
        "connect-gzip": {
            "version": "0.1.5",
            "resolved": "https://registry.npmjs.org/connect-gzip/-/connect-gzip-0.1.5.tgz",
            "integrity": "sha1-TgqXMMiw5Khms4rkKDZp8mrMuMY=",
            "requires": {
                "connect": ">=1 <2",
                "mime": ">=0.0.1"
            }
        },
        "ejs": {
            "version": "0.5.0",
            "resolved": "https://registry.npmjs.org/ejs/-/ejs-0.5.0.tgz",
            "integrity": "sha1-1vjn07qtCWOD31nDokB72ULPCOg="
        },
        "email": {
            "version": "0.2.4",
            "resolved": "https://registry.npmjs.org/email/-/email-0.2.4.tgz",
            "integrity": "sha1-KW9/1rnguJ+Awk0nYhpnPN9JeZI="
        },
        "express": {
            "version": "2.5.1",
            "resolved": "https://registry.npmjs.org/express/-/express-2.5.1.tgz",
            "integrity": "sha1-BkQoTCwhkmTilV/pRxfOe0Ys1dY=",
            "requires": {
                "connect": "1.8.x",
                "mime": ">= 0.0.1",
                "mkdirp": "0.0.7",
                "qs": ">= 0.3.1"
            }
        },
        "formidable": {
            "version": "1.0.16",
            "resolved": "https://registry.npmjs.org/formidable/-/formidable-1.0.16.tgz",
            "integrity": "sha1-SRbP38TL7QILJXpqlQWpqzjCzQ4="
        },
        "function-bind": {
            "version": "1.1.1",
            "resolved": "https://registry.npmjs.org/function-bind/-/function-bind-1.1.1.tgz",
            "integrity": "sha512-yIovAzMX49sF8Yl58fSCWJ5svSLuaibPxXQJFLmBObTuCr0Mf1KiPopGM9NiFjiYBCbfaa2Fh6breQ6ANVTI0A=="
        },
        "get-intrinsic": {
            "version": "1.1.1",
            "resolved": "https://registry.npmjs.org/get-intrinsic/-/get-intrinsic-1.1.1.tgz",
            "integrity": "sha512-kWZrnVM42QCiEA2Ig1bG8zjoIMOgxWwYCEeNdwY6Tv/cOSeGpcoX4pXHfKUxNKVoArnrEr2e9srnAxxGIraS9Q==",
            "requires": {
                "function-bind": "^1.1.1",
                "has": "^1.0.3",
                "has-symbols": "^1.0.1"
            }
        },
        "has": {
            "version": "1.0.3",
            "resolved": "https://registry.npmjs.org/has/-/has-1.0.3.tgz",
            "integrity": "sha512-f2dvO0VU6Oej7RkWJGrehjbzMAjFp5/VKPp5tTpWIV4JHHZK1/BxbFRtf/siA2SWTe09caDmVtYYzWEIbBS4zw==",
            "requires": {
                "function-bind": "^1.1.1"
            }
        },
        "has-symbols": {
            "version": "1.0.2",
            "resolved": "https://registry.npmjs.org/has-symbols/-/has-symbols-1.0.2.tgz",
            "integrity": "sha512-chXa79rL/UC2KlX17jo3vRGz0azaWEx5tGqZg5pO3NUyEJVB17dMruQlzCCOfUvElghKcm5194+BCRvi2Rv/Gw=="
        },
        "jade": {
            "version": "0.19.0",
            "resolved": "https://registry.npmjs.org/jade/-/jade-0.19.0.tgz",
            "integrity": "sha1-9CJcXjQjDZ0J1Nj1Fd9XndpH3pQ=",
            "requires": {
                "commander": "0.2.x",
                "mkdirp": ">= 0.0.7"
            }
        },
        "mime": {
            "version": "1.2.4",
            "resolved": "https://registry.npmjs.org/mime/-/mime-1.2.4.tgz",
            "integrity": "sha1-EbX9rynCUJJVF2uArVIClPXekrc="
        },
        "mkdirp": {
            "version": "0.0.7",
            "resolved": "https://registry.npmjs.org/mkdirp/-/mkdirp-0.0.7.tgz",
            "integrity": "sha1-2JtPDkw+XlylQjWTFnXglP4aUHI="
        },
        "mongodb": {
            "version": "0.9.7-1.4",
            "resolved": "https://registry.npmjs.org/mongodb/-/mongodb-0.9.7-1.4.tgz",
            "integrity": "sha1-IybsONA81LjGdHnmdquY3wOw2PQ="
        },
        "node-gravatar": {
            "version": "1.0.2",
            "resolved": "https://registry.npmjs.org/node-gravatar/-/node-gravatar-1.0.2.tgz",
            "integrity": "sha1-0HegCqHGctXGyNlr1+mTaLzGGfE="
        },
        "object-inspect": {
            "version": "1.10.3",
            "resolved": "https://registry.npmjs.org/object-inspect/-/object-inspect-1.10.3.tgz",
            "integrity": "sha512-e5mCJlSH7poANfC8z8S9s9S2IN5/4Zb3aZ33f5s8YqoazCFzNLloLU8r5VCG+G7WoqLvAAZoVMcy3tp/3X0Plw=="
        },
        "optparse": {
            "version": "1.0.3",
            "resolved": "https://registry.npmjs.org/optparse/-/optparse-1.0.3.tgz",
            "integrity": "sha1-L/SaPWkbkLC5ob6RF/KSNz6xvWY="
        },
        "qs": {
            "version": "6.10.1",
            "resolved": "https://registry.npmjs.org/qs/-/qs-6.10.1.tgz",
            "integrity": "sha512-M528Hph6wsSVOBiYUnGf+K/7w0hNshs/duGsNXPUCLH5XAqjEtiPGwNONLV0tBH8NoGb0mvD5JubnUTrujKDTg==",
            "requires": {
                "side-channel": "^1.0.4"
            }
        },
        "side-channel": {
            "version": "1.0.4",
            "resolved": "https://registry.npmjs.org/side-channel/-/side-channel-1.0.4.tgz",
            "integrity": "sha512-q5XPytqFEIKHkGdiMIrY10mvLRvnQh42/+GoBlFW3b2LXLE2xxJpZFdm94we0BaoV3RwJyGqg5wS7epxTv0Zvw==",
            "requires": {
                "call-bind": "^1.0.0",
                "get-intrinsic": "^1.0.2",
                "object-inspect": "^1.9.0"
            }
        },
        "step": {
            "version": "0.0.5",
            "resolved": "https://registry.npmjs.org/step/-/step-0.0.5.tgz",
            "integrity": "sha1-XmYvFfm6Ls6cOpsOJVPRmGtrpEw="
        },
        "underscore": {
            "version": "1.2.2",
            "resolved": "https://registry.npmjs.org/underscore/-/underscore-1.2.2.tgz",
            "integrity": "sha1-dN1A6frOhOck6y7a6UW4rtwjO6M="
        }
    }
}
